
Microsoft Visual Studio Solution File, Format Version 12.00
# Visual Studio Version 17
VisualStudioVersion = 17.5.002.0
MinimumVisualStudioVersion = 10.0.40219.1
Project("{9A19103F-16F7-4668-BE54-9A1E7A4F7556}") = "Exercise1_02", "Exercise1_02.csproj", "{CE8B6431-98C1-4133-BCEC-A29E6E2C5738}"
EndProject
Global
	GlobalSection(SolutionConfigurationPlatforms) = preSolution
		Debug|Any CPU = Debug|Any CPU
		Release|Any CPU = Release|Any CPU
	EndGlobalSection
	GlobalSection(ProjectConfigurationPlatforms) = postSolution
		{CE8B6431-98C1-4133-BCEC-A29E6E2C5738}.Debug|Any CPU.ActiveCfg = Debug|Any CPU
		{CE8B6431-98C1-4133-BCEC-A29E6E2C5738}.Debug|Any CPU.Build.0 = Debug|Any CPU
		{CE8B6431-98C1-4133-BCEC-A29E6E2C5738}.Release|Any CPU.ActiveCfg = Release|Any CPU
		{CE8B6431-98C1-4133-BCEC-A29E6E2C5738}.Release|Any CPU.Build.0 = Release|Any CPU
	EndGlobalSection
	GlobalSection(SolutionProperties) = preSolution
		HideSolutionNode = FALSE
	EndGlobalSection
	GlobalSection(ExtensibilityGlobals) = postSolution
		SolutionGuid = {BA8890F8-2D03-4E6C-A605-DEF321ACC3B7}
	EndGlobalSection
EndGlobal
